// !$*UTF8*$!
{
	archiveVersion = 1;
	classes = {
	};
	objectVersion = 56;
	objects = {

/* Begin PBXBuildFile section */
		CF1945A629BFE0CF0022C610 /* GamesLookupViewModel.swift in Sources */ = {isa = PBXBuildFile; fileRef = CF1945A529BFE0CF0022C610 /* GamesLookupViewModel.swift */; };
		CF35551D29BBA2E50099D5FD /* ColorPalette.swift in Sources */ = {isa = PBXBuildFile; fileRef = CF35551C29BBA2E50099D5FD /* ColorPalette.swift */; };
		DD1C004A2996C38900479092 /* ReAuthenticateView.swift in Sources */ = {isa = PBXBuildFile; fileRef = DD1C00462996C38900479092 /* ReAuthenticateView.swift */; };
		DD1C004B2996C38900479092 /* DeleteView.swift in Sources */ = {isa = PBXBuildFile; fileRef = DD1C00472996C38900479092 /* DeleteView.swift */; };
		DD1C004C2996C38900479092 /* SignUpView.swift in Sources */ = {isa = PBXBuildFile; fileRef = DD1C00482996C38900479092 /* SignUpView.swift */; };
		DD1C004D2996C38900479092 /* LoginView.swift in Sources */ = {isa = PBXBuildFile; fileRef = DD1C00492996C38900479092 /* LoginView.swift */; };
		DD1C00512996C39600479092 /* SignUpViewModel.swift in Sources */ = {isa = PBXBuildFile; fileRef = DD1C004F2996C39600479092 /* SignUpViewModel.swift */; };
		DD1C00562996C3A500479092 /* StorageManager.swift in Sources */ = {isa = PBXBuildFile; fileRef = DD1C00532996C3A400479092 /* StorageManager.swift */; };
		DD1C00572996C3A500479092 /* AuthManager.swift in Sources */ = {isa = PBXBuildFile; fileRef = DD1C00542996C3A400479092 /* AuthManager.swift */; };
		DD1C005B2996C3D300479092 /* ImagePicker.swift in Sources */ = {isa = PBXBuildFile; fileRef = DD1C005A2996C3D300479092 /* ImagePicker.swift */; };
		DD1C005D2996D06700479092 /* FirestoreManager.swift in Sources */ = {isa = PBXBuildFile; fileRef = DD1C005C2996D06700479092 /* FirestoreManager.swift */; };
		DD2B5F1A297F49B7009EBC22 /* GoogleService-Info.plist in Resources */ = {isa = PBXBuildFile; fileRef = DD2B5F19297F49B7009EBC22 /* GoogleService-Info.plist */; };
		DD720AD32996D797003F9CCD /* User.swift in Sources */ = {isa = PBXBuildFile; fileRef = DD720AD22996D797003F9CCD /* User.swift */; };
		DD720AD52996D7CD003F9CCD /* UserViewModel.swift in Sources */ = {isa = PBXBuildFile; fileRef = DD720AD42996D7CD003F9CCD /* UserViewModel.swift */; };
		DD7859A729BE49D900975FE3 /* SettingsView.swift in Sources */ = {isa = PBXBuildFile; fileRef = DD7859A629BE49D900975FE3 /* SettingsView.swift */; };
		DD89C19D29B26A810081DB97 /* Color+HexCode.swift in Sources */ = {isa = PBXBuildFile; fileRef = DD89C19C29B26A810081DB97 /* Color+HexCode.swift */; };
		DDAFCC8A2991D78A009B6E4D /* FirebaseAnalytics in Frameworks */ = {isa = PBXBuildFile; productRef = DDAFCC892991D78A009B6E4D /* FirebaseAnalytics */; };
		DDAFCC8C2991D78A009B6E4D /* FirebaseAppCheck in Frameworks */ = {isa = PBXBuildFile; productRef = DDAFCC8B2991D78A009B6E4D /* FirebaseAppCheck */; };
		DDAFCC8E2991D78A009B6E4D /* FirebaseAppDistribution-Beta in Frameworks */ = {isa = PBXBuildFile; productRef = DDAFCC8D2991D78A009B6E4D /* FirebaseAppDistribution-Beta */; };
		DDAFCC902991D78A009B6E4D /* FirebaseAuth in Frameworks */ = {isa = PBXBuildFile; productRef = DDAFCC8F2991D78A009B6E4D /* FirebaseAuth */; };
		DDAFCC922991D78A009B6E4D /* FirebaseAuthCombine-Community in Frameworks */ = {isa = PBXBuildFile; productRef = DDAFCC912991D78A009B6E4D /* FirebaseAuthCombine-Community */; };
		DDAFCC942991D78A009B6E4D /* FirebaseCrashlytics in Frameworks */ = {isa = PBXBuildFile; productRef = DDAFCC932991D78A009B6E4D /* FirebaseCrashlytics */; };
		DDAFCC962991D78A009B6E4D /* FirebaseDatabase in Frameworks */ = {isa = PBXBuildFile; productRef = DDAFCC952991D78A009B6E4D /* FirebaseDatabase */; };
		DDAFCC982991D78A009B6E4D /* FirebaseDatabaseSwift in Frameworks */ = {isa = PBXBuildFile; productRef = DDAFCC972991D78A009B6E4D /* FirebaseDatabaseSwift */; };
		DDAFCC9A2991D78A009B6E4D /* FirebaseDynamicLinks in Frameworks */ = {isa = PBXBuildFile; productRef = DDAFCC992991D78A009B6E4D /* FirebaseDynamicLinks */; };
		DDAFCC9C2991D78A009B6E4D /* FirebaseFirestore in Frameworks */ = {isa = PBXBuildFile; productRef = DDAFCC9B2991D78A009B6E4D /* FirebaseFirestore */; };
		DDAFCC9E2991D78A009B6E4D /* FirebaseFirestoreCombine-Community in Frameworks */ = {isa = PBXBuildFile; productRef = DDAFCC9D2991D78A009B6E4D /* FirebaseFirestoreCombine-Community */; };
		DDAFCCA02991D78A009B6E4D /* FirebaseFirestoreSwift in Frameworks */ = {isa = PBXBuildFile; productRef = DDAFCC9F2991D78A009B6E4D /* FirebaseFirestoreSwift */; };
		DDAFCCA22991D78A009B6E4D /* FirebaseFunctions in Frameworks */ = {isa = PBXBuildFile; productRef = DDAFCCA12991D78A009B6E4D /* FirebaseFunctions */; };
		DDAFCCA42991D78A009B6E4D /* FirebaseFunctionsCombine-Community in Frameworks */ = {isa = PBXBuildFile; productRef = DDAFCCA32991D78A009B6E4D /* FirebaseFunctionsCombine-Community */; };
		DDAFCCA62991D78A009B6E4D /* FirebaseStorage in Frameworks */ = {isa = PBXBuildFile; productRef = DDAFCCA52991D78A009B6E4D /* FirebaseStorage */; };
		DDAFCCA82991D78A009B6E4D /* FirebaseStorageCombine-Community in Frameworks */ = {isa = PBXBuildFile; productRef = DDAFCCA72991D78A009B6E4D /* FirebaseStorageCombine-Community */; };
		E9038E3D29A6B56200CB0381 /* GameCard.swift in Sources */ = {isa = PBXBuildFile; fileRef = E9038E3C29A6B56200CB0381 /* GameCard.swift */; };
		E9038E3F29AAB80D00CB0381 /* GameViewModel.swift in Sources */ = {isa = PBXBuildFile; fileRef = E9038E3E29AAB80D00CB0381 /* GameViewModel.swift */; };
		E90E56B7297AF2F400D53A9C /* GoodGamesApp.swift in Sources */ = {isa = PBXBuildFile; fileRef = E90E56B6297AF2F400D53A9C /* GoodGamesApp.swift */; };
		E90E56BB297AF2F600D53A9C /* Assets.xcassets in Resources */ = {isa = PBXBuildFile; fileRef = E90E56BA297AF2F600D53A9C /* Assets.xcassets */; };
		E90E56BE297AF2F600D53A9C /* Preview Assets.xcassets in Resources */ = {isa = PBXBuildFile; fileRef = E90E56BD297AF2F600D53A9C /* Preview Assets.xcassets */; };
		E92E09B429BAE05A00D02AD7 /* NumberGenerator.swift in Sources */ = {isa = PBXBuildFile; fileRef = E92E09B329BAE05A00D02AD7 /* NumberGenerator.swift */; };
		E92E09B629BAEDFB00D02AD7 /* LaunchGraphic.swift in Sources */ = {isa = PBXBuildFile; fileRef = E92E09B529BAEDFB00D02AD7 /* LaunchGraphic.swift */; };
		E94D72D529B01D860015F41A /* TestView.swift in Sources */ = {isa = PBXBuildFile; fileRef = E94D72D429B01D860015F41A /* TestView.swift */; };
		E94D72D729B0253A0015F41A /* FunctionsManager.swift in Sources */ = {isa = PBXBuildFile; fileRef = E94D72D629B0253A0015F41A /* FunctionsManager.swift */; };
		E94D72D929B2D2AE0015F41A /* PlaceholderCard.swift in Sources */ = {isa = PBXBuildFile; fileRef = E94D72D829B2D2AE0015F41A /* PlaceholderCard.swift */; };
		E9579F7529B6D8CA0056E221 /* LoadingSpinner.swift in Sources */ = {isa = PBXBuildFile; fileRef = E9579F7429B6D8CA0056E221 /* LoadingSpinner.swift */; };
		E9579F7729B6DDE80056E221 /* LoadingController.swift in Sources */ = {isa = PBXBuildFile; fileRef = E9579F7629B6DDE80056E221 /* LoadingController.swift */; };
		E9579F7929B82E790056E221 /* LaunchScreen.swift in Sources */ = {isa = PBXBuildFile; fileRef = E9579F7829B82E790056E221 /* LaunchScreen.swift */; };
		E975276D298089E200D00EB1 /* Game.swift in Sources */ = {isa = PBXBuildFile; fileRef = E975276C298089E200D00EB1 /* Game.swift */; };
		E975277D298A0D3B00D00EB1 /* MainTabView.swift in Sources */ = {isa = PBXBuildFile; fileRef = E975277C298A0D3B00D00EB1 /* MainTabView.swift */; };
		E975277F298A116C00D00EB1 /* HomeView.swift in Sources */ = {isa = PBXBuildFile; fileRef = E975277E298A116C00D00EB1 /* HomeView.swift */; };
		E9752781298A145500D00EB1 /* DiscoverView.swift in Sources */ = {isa = PBXBuildFile; fileRef = E9752780298A145500D00EB1 /* DiscoverView.swift */; };
		E9752783298A159600D00EB1 /* ShelfView.swift in Sources */ = {isa = PBXBuildFile; fileRef = E9752782298A159600D00EB1 /* ShelfView.swift */; };
		E9752785298A15CB00D00EB1 /* UserProfileView.swift in Sources */ = {isa = PBXBuildFile; fileRef = E9752784298A15CB00D00EB1 /* UserProfileView.swift */; };
		E9752788298C768C00D00EB1 /* HorizontalCarousel.swift in Sources */ = {isa = PBXBuildFile; fileRef = E9752787298C768C00D00EB1 /* HorizontalCarousel.swift */; };
		E975278A298D82C000D00EB1 /* GameProfileView.swift in Sources */ = {isa = PBXBuildFile; fileRef = E9752789298D82C000D00EB1 /* GameProfileView.swift */; };
		E9A9D802299D78FD00AC9459 /* ExtendedGameCard.swift in Sources */ = {isa = PBXBuildFile; fileRef = E9A9D801299D78FD00AC9459 /* ExtendedGameCard.swift */; };
		E9A9D804299F382700AC9459 /* UserCard.swift in Sources */ = {isa = PBXBuildFile; fileRef = E9A9D803299F382700AC9459 /* UserCard.swift */; };
		E9D3151C299C504A0047DD1F /* StarRating.swift in Sources */ = {isa = PBXBuildFile; fileRef = E9D3151B299C504A0047DD1F /* StarRating.swift */; };
		E9D3EBB829C0127500915F5C /* Review.swift in Sources */ = {isa = PBXBuildFile; fileRef = E9D3EBB729C0127500915F5C /* Review.swift */; };
		E9D3EBBB29C023FA00915F5C /* ReviewHelper.swift in Sources */ = {isa = PBXBuildFile; fileRef = E9D3EBBA29C023FA00915F5C /* ReviewHelper.swift */; };
		E9D3EBBE29C02DC500915F5C /* AddReviewSheet.swift in Sources */ = {isa = PBXBuildFile; fileRef = E9D3EBBD29C02DC500915F5C /* AddReviewSheet.swift */; };
		E9D3EBC029C0327B00915F5C /* StarRatingInteractive.swift in Sources */ = {isa = PBXBuildFile; fileRef = E9D3EBBF29C0327B00915F5C /* StarRatingInteractive.swift */; };
		E9EC75F929ADC47600D15547 /* IsPreviewKey.swift in Sources */ = {isa = PBXBuildFile; fileRef = E9EC75F829ADC47600D15547 /* IsPreviewKey.swift */; };
		E9EC75FB29ADCDB000D15547 /* CGFloat+ToInt.swift in Sources */ = {isa = PBXBuildFile; fileRef = E9EC75FA29ADCDB000D15547 /* CGFloat+ToInt.swift */; };
		E9EDBF7729C123B3003F97E5 /* IndividualReview.swift in Sources */ = {isa = PBXBuildFile; fileRef = E9EDBF7629C123B3003F97E5 /* IndividualReview.swift */; };
		E9EDBF7929C13503003F97E5 /* AllReviewsView.swift in Sources */ = {isa = PBXBuildFile; fileRef = E9EDBF7829C13503003F97E5 /* AllReviewsView.swift */; };
		E9EDBF7B29C2E0C7003F97E5 /* SearchView.swift in Sources */ = {isa = PBXBuildFile; fileRef = E9EDBF7A29C2E0C7003F97E5 /* SearchView.swift */; };
		E9EDBF7D29C2E228003F97E5 /* SearchBar.swift in Sources */ = {isa = PBXBuildFile; fileRef = E9EDBF7C29C2E228003F97E5 /* SearchBar.swift */; };
		E9EDBF7F29C2E747003F97E5 /* SearchResult.swift in Sources */ = {isa = PBXBuildFile; fileRef = E9EDBF7E29C2E747003F97E5 /* SearchResult.swift */; };
		E9EDBF8129C2F223003F97E5 /* FakeSearchBar.swift in Sources */ = {isa = PBXBuildFile; fileRef = E9EDBF8029C2F223003F97E5 /* FakeSearchBar.swift */; };
/* End PBXBuildFile section */

/* Begin PBXFileReference section */
		CF1945A529BFE0CF0022C610 /* GamesLookupViewModel.swift */ = {isa = PBXFileReference; lastKnownFileType = sourcecode.swift; path = GamesLookupViewModel.swift; sourceTree = "<group>"; };
		CF35551C29BBA2E50099D5FD /* ColorPalette.swift */ = {isa = PBXFileReference; lastKnownFileType = sourcecode.swift; path = ColorPalette.swift; sourceTree = "<group>"; };
		DD1C00462996C38900479092 /* ReAuthenticateView.swift */ = {isa = PBXFileReference; fileEncoding = 4; lastKnownFileType = sourcecode.swift; path = ReAuthenticateView.swift; sourceTree = "<group>"; };
		DD1C00472996C38900479092 /* DeleteView.swift */ = {isa = PBXFileReference; fileEncoding = 4; lastKnownFileType = sourcecode.swift; path = DeleteView.swift; sourceTree = "<group>"; };
		DD1C00482996C38900479092 /* SignUpView.swift */ = {isa = PBXFileReference; fileEncoding = 4; lastKnownFileType = sourcecode.swift; path = SignUpView.swift; sourceTree = "<group>"; };
		DD1C00492996C38900479092 /* LoginView.swift */ = {isa = PBXFileReference; fileEncoding = 4; lastKnownFileType = sourcecode.swift; path = LoginView.swift; sourceTree = "<group>"; };
		DD1C004F2996C39600479092 /* SignUpViewModel.swift */ = {isa = PBXFileReference; fileEncoding = 4; lastKnownFileType = sourcecode.swift; path = SignUpViewModel.swift; sourceTree = "<group>"; };
		DD1C00532996C3A400479092 /* StorageManager.swift */ = {isa = PBXFileReference; fileEncoding = 4; lastKnownFileType = sourcecode.swift; path = StorageManager.swift; sourceTree = "<group>"; };
		DD1C00542996C3A400479092 /* AuthManager.swift */ = {isa = PBXFileReference; fileEncoding = 4; lastKnownFileType = sourcecode.swift; path = AuthManager.swift; sourceTree = "<group>"; };
		DD1C005A2996C3D300479092 /* ImagePicker.swift */ = {isa = PBXFileReference; fileEncoding = 4; lastKnownFileType = sourcecode.swift; path = ImagePicker.swift; sourceTree = "<group>"; };
		DD1C005C2996D06700479092 /* FirestoreManager.swift */ = {isa = PBXFileReference; fileEncoding = 4; lastKnownFileType = sourcecode.swift; path = FirestoreManager.swift; sourceTree = "<group>"; };
		DD2B5F19297F49B7009EBC22 /* GoogleService-Info.plist */ = {isa = PBXFileReference; fileEncoding = 4; lastKnownFileType = text.plist.xml; path = "GoogleService-Info.plist"; sourceTree = "<group>"; };
		DD720AD22996D797003F9CCD /* User.swift */ = {isa = PBXFileReference; lastKnownFileType = sourcecode.swift; path = User.swift; sourceTree = "<group>"; };
		DD720AD42996D7CD003F9CCD /* UserViewModel.swift */ = {isa = PBXFileReference; lastKnownFileType = sourcecode.swift; path = UserViewModel.swift; sourceTree = "<group>"; };
		DD7859A629BE49D900975FE3 /* SettingsView.swift */ = {isa = PBXFileReference; lastKnownFileType = sourcecode.swift; path = SettingsView.swift; sourceTree = "<group>"; };
		DD89C19C29B26A810081DB97 /* Color+HexCode.swift */ = {isa = PBXFileReference; lastKnownFileType = sourcecode.swift; path = "Color+HexCode.swift"; sourceTree = "<group>"; };
		E9038E3C29A6B56200CB0381 /* GameCard.swift */ = {isa = PBXFileReference; lastKnownFileType = sourcecode.swift; path = GameCard.swift; sourceTree = "<group>"; };
		E9038E3E29AAB80D00CB0381 /* GameViewModel.swift */ = {isa = PBXFileReference; lastKnownFileType = sourcecode.swift; path = GameViewModel.swift; sourceTree = "<group>"; };
		E90E56B3297AF2F400D53A9C /* GoodGames.app */ = {isa = PBXFileReference; explicitFileType = wrapper.application; includeInIndex = 0; path = GoodGames.app; sourceTree = BUILT_PRODUCTS_DIR; };
		E90E56B6297AF2F400D53A9C /* GoodGamesApp.swift */ = {isa = PBXFileReference; lastKnownFileType = sourcecode.swift; path = GoodGamesApp.swift; sourceTree = "<group>"; };
		E90E56BA297AF2F600D53A9C /* Assets.xcassets */ = {isa = PBXFileReference; lastKnownFileType = folder.assetcatalog; path = Assets.xcassets; sourceTree = "<group>"; };
		E90E56BD297AF2F600D53A9C /* Preview Assets.xcassets */ = {isa = PBXFileReference; lastKnownFileType = folder.assetcatalog; path = "Preview Assets.xcassets"; sourceTree = "<group>"; };
		E92E09B329BAE05A00D02AD7 /* NumberGenerator.swift */ = {isa = PBXFileReference; lastKnownFileType = sourcecode.swift; path = NumberGenerator.swift; sourceTree = "<group>"; };
		E92E09B529BAEDFB00D02AD7 /* LaunchGraphic.swift */ = {isa = PBXFileReference; lastKnownFileType = sourcecode.swift; path = LaunchGraphic.swift; sourceTree = "<group>"; };
		E94D72D429B01D860015F41A /* TestView.swift */ = {isa = PBXFileReference; lastKnownFileType = sourcecode.swift; path = TestView.swift; sourceTree = "<group>"; };
		E94D72D629B0253A0015F41A /* FunctionsManager.swift */ = {isa = PBXFileReference; lastKnownFileType = sourcecode.swift; path = FunctionsManager.swift; sourceTree = "<group>"; };
		E94D72D829B2D2AE0015F41A /* PlaceholderCard.swift */ = {isa = PBXFileReference; lastKnownFileType = sourcecode.swift; path = PlaceholderCard.swift; sourceTree = "<group>"; };
		E9579F7429B6D8CA0056E221 /* LoadingSpinner.swift */ = {isa = PBXFileReference; lastKnownFileType = sourcecode.swift; path = LoadingSpinner.swift; sourceTree = "<group>"; };
		E9579F7629B6DDE80056E221 /* LoadingController.swift */ = {isa = PBXFileReference; lastKnownFileType = sourcecode.swift; path = LoadingController.swift; sourceTree = "<group>"; };
		E9579F7829B82E790056E221 /* LaunchScreen.swift */ = {isa = PBXFileReference; lastKnownFileType = sourcecode.swift; path = LaunchScreen.swift; sourceTree = "<group>"; };
		E975276C298089E200D00EB1 /* Game.swift */ = {isa = PBXFileReference; lastKnownFileType = sourcecode.swift; path = Game.swift; sourceTree = "<group>"; };
		E975277C298A0D3B00D00EB1 /* MainTabView.swift */ = {isa = PBXFileReference; lastKnownFileType = sourcecode.swift; path = MainTabView.swift; sourceTree = "<group>"; };
		E975277E298A116C00D00EB1 /* HomeView.swift */ = {isa = PBXFileReference; lastKnownFileType = sourcecode.swift; path = HomeView.swift; sourceTree = "<group>"; };
		E9752780298A145500D00EB1 /* DiscoverView.swift */ = {isa = PBXFileReference; lastKnownFileType = sourcecode.swift; path = DiscoverView.swift; sourceTree = "<group>"; };
		E9752782298A159600D00EB1 /* ShelfView.swift */ = {isa = PBXFileReference; lastKnownFileType = sourcecode.swift; path = ShelfView.swift; sourceTree = "<group>"; };
		E9752784298A15CB00D00EB1 /* UserProfileView.swift */ = {isa = PBXFileReference; lastKnownFileType = sourcecode.swift; path = UserProfileView.swift; sourceTree = "<group>"; };
		E9752787298C768C00D00EB1 /* HorizontalCarousel.swift */ = {isa = PBXFileReference; lastKnownFileType = sourcecode.swift; path = HorizontalCarousel.swift; sourceTree = "<group>"; };
		E9752789298D82C000D00EB1 /* GameProfileView.swift */ = {isa = PBXFileReference; lastKnownFileType = sourcecode.swift; path = GameProfileView.swift; sourceTree = "<group>"; };
		E9A9D801299D78FD00AC9459 /* ExtendedGameCard.swift */ = {isa = PBXFileReference; lastKnownFileType = sourcecode.swift; path = ExtendedGameCard.swift; sourceTree = "<group>"; };
		E9A9D803299F382700AC9459 /* UserCard.swift */ = {isa = PBXFileReference; lastKnownFileType = sourcecode.swift; path = UserCard.swift; sourceTree = "<group>"; };
		E9D3151B299C504A0047DD1F /* StarRating.swift */ = {isa = PBXFileReference; lastKnownFileType = sourcecode.swift; path = StarRating.swift; sourceTree = "<group>"; };
		E9D3EBB729C0127500915F5C /* Review.swift */ = {isa = PBXFileReference; lastKnownFileType = sourcecode.swift; path = Review.swift; sourceTree = "<group>"; };
		E9D3EBBA29C023FA00915F5C /* ReviewHelper.swift */ = {isa = PBXFileReference; lastKnownFileType = sourcecode.swift; path = ReviewHelper.swift; sourceTree = "<group>"; };
		E9D3EBBD29C02DC500915F5C /* AddReviewSheet.swift */ = {isa = PBXFileReference; lastKnownFileType = sourcecode.swift; path = AddReviewSheet.swift; sourceTree = "<group>"; };
		E9D3EBBF29C0327B00915F5C /* StarRatingInteractive.swift */ = {isa = PBXFileReference; lastKnownFileType = sourcecode.swift; path = StarRatingInteractive.swift; sourceTree = "<group>"; };
		E9EC75F829ADC47600D15547 /* IsPreviewKey.swift */ = {isa = PBXFileReference; lastKnownFileType = sourcecode.swift; path = IsPreviewKey.swift; sourceTree = "<group>"; };
		E9EC75FA29ADCDB000D15547 /* CGFloat+ToInt.swift */ = {isa = PBXFileReference; lastKnownFileType = sourcecode.swift; path = "CGFloat+ToInt.swift"; sourceTree = "<group>"; };
		E9EDBF7629C123B3003F97E5 /* IndividualReview.swift */ = {isa = PBXFileReference; lastKnownFileType = sourcecode.swift; path = IndividualReview.swift; sourceTree = "<group>"; };
		E9EDBF7829C13503003F97E5 /* AllReviewsView.swift */ = {isa = PBXFileReference; lastKnownFileType = sourcecode.swift; path = AllReviewsView.swift; sourceTree = "<group>"; };
		E9EDBF7A29C2E0C7003F97E5 /* SearchView.swift */ = {isa = PBXFileReference; lastKnownFileType = sourcecode.swift; path = SearchView.swift; sourceTree = "<group>"; };
		E9EDBF7C29C2E228003F97E5 /* SearchBar.swift */ = {isa = PBXFileReference; lastKnownFileType = sourcecode.swift; path = SearchBar.swift; sourceTree = "<group>"; };
		E9EDBF7E29C2E747003F97E5 /* SearchResult.swift */ = {isa = PBXFileReference; lastKnownFileType = sourcecode.swift; path = SearchResult.swift; sourceTree = "<group>"; };
		E9EDBF8029C2F223003F97E5 /* FakeSearchBar.swift */ = {isa = PBXFileReference; lastKnownFileType = sourcecode.swift; path = FakeSearchBar.swift; sourceTree = "<group>"; };
/* End PBXFileReference section */

/* Begin PBXFrameworksBuildPhase section */
		E90E56B0297AF2F400D53A9C /* Frameworks */ = {
			isa = PBXFrameworksBuildPhase;
			buildActionMask = 2147483647;
			files = (
				DDAFCC982991D78A009B6E4D /* FirebaseDatabaseSwift in Frameworks */,
				DDAFCC8C2991D78A009B6E4D /* FirebaseAppCheck in Frameworks */,
				DDAFCC8A2991D78A009B6E4D /* FirebaseAnalytics in Frameworks */,
				DDAFCC9C2991D78A009B6E4D /* FirebaseFirestore in Frameworks */,
				DDAFCC8E2991D78A009B6E4D /* FirebaseAppDistribution-Beta in Frameworks */,
				DDAFCC9E2991D78A009B6E4D /* FirebaseFirestoreCombine-Community in Frameworks */,
				DDAFCC942991D78A009B6E4D /* FirebaseCrashlytics in Frameworks */,
				DDAFCCA42991D78A009B6E4D /* FirebaseFunctionsCombine-Community in Frameworks */,
				DDAFCCA62991D78A009B6E4D /* FirebaseStorage in Frameworks */,
				DDAFCC9A2991D78A009B6E4D /* FirebaseDynamicLinks in Frameworks */,
				DDAFCCA82991D78A009B6E4D /* FirebaseStorageCombine-Community in Frameworks */,
				DDAFCC902991D78A009B6E4D /* FirebaseAuth in Frameworks */,
				DDAFCCA22991D78A009B6E4D /* FirebaseFunctions in Frameworks */,
				DDAFCC962991D78A009B6E4D /* FirebaseDatabase in Frameworks */,
				DDAFCC922991D78A009B6E4D /* FirebaseAuthCombine-Community in Frameworks */,
				DDAFCCA02991D78A009B6E4D /* FirebaseFirestoreSwift in Frameworks */,
			);
			runOnlyForDeploymentPostprocessing = 0;
		};
/* End PBXFrameworksBuildPhase section */

/* Begin PBXGroup section */
		DD1C00522996C3A400479092 /* Services */ = {
			isa = PBXGroup;
			children = (
				DD1C00532996C3A400479092 /* StorageManager.swift */,
				DD1C00542996C3A400479092 /* AuthManager.swift */,
				DD1C005C2996D06700479092 /* FirestoreManager.swift */,
				E94D72D629B0253A0015F41A /* FunctionsManager.swift */,
			);
			path = Services;
			sourceTree = "<group>";
		};
		DD1C00592996C3D300479092 /* UIKit */ = {
			isa = PBXGroup;
			children = (
				DD1C005A2996C3D300479092 /* ImagePicker.swift */,
			);
			path = UIKit;
			sourceTree = "<group>";
		};
		E90E56AA297AF2F400D53A9C = {
			isa = PBXGroup;
			children = (
				E90E56B5297AF2F400D53A9C /* GoodGames */,
				E90E56B4297AF2F400D53A9C /* Products */,
			);
			sourceTree = "<group>";
		};
		E90E56B4297AF2F400D53A9C /* Products */ = {
			isa = PBXGroup;
			children = (
				E90E56B3297AF2F400D53A9C /* GoodGames.app */,
			);
			name = Products;
			sourceTree = "<group>";
		};
		E90E56B5297AF2F400D53A9C /* GoodGames */ = {
			isa = PBXGroup;
			children = (
				E975277B298A062700D00EB1 /* App */,
				E97527692980898900D00EB1 /* Model */,
				E975276B2980899F00D00EB1 /* View */,
				E975276A2980899800D00EB1 /* ViewModel */,
				DD1C00522996C3A400479092 /* Services */,
				E9EC75F729ADC43E00D15547 /* Utility */,
				DD1C00592996C3D300479092 /* UIKit */,
				E90E56BA297AF2F600D53A9C /* Assets.xcassets */,
				DD2B5F19297F49B7009EBC22 /* GoogleService-Info.plist */,
				E90E56BC297AF2F600D53A9C /* Preview Content */,
			);
			path = GoodGames;
			sourceTree = "<group>";
		};
		E90E56BC297AF2F600D53A9C /* Preview Content */ = {
			isa = PBXGroup;
			children = (
				E90E56BD297AF2F600D53A9C /* Preview Assets.xcassets */,
			);
			path = "Preview Content";
			sourceTree = "<group>";
		};
		E94D72DA29B2EAFA0015F41A /* AuthViews */ = {
			isa = PBXGroup;
			children = (
				DD1C00492996C38900479092 /* LoginView.swift */,
				DD1C00472996C38900479092 /* DeleteView.swift */,
				DD1C00462996C38900479092 /* ReAuthenticateView.swift */,
				DD1C00482996C38900479092 /* SignUpView.swift */,
			);
			name = AuthViews;
			sourceTree = "<group>";
		};
		E9579F7329B6D8520056E221 /* Cards */ = {
			isa = PBXGroup;
			children = (
				E9A9D801299D78FD00AC9459 /* ExtendedGameCard.swift */,
				E9038E3C29A6B56200CB0381 /* GameCard.swift */,
				E94D72D829B2D2AE0015F41A /* PlaceholderCard.swift */,
				E9A9D803299F382700AC9459 /* UserCard.swift */,
			);
			name = Cards;
			sourceTree = "<group>";
		};
		E97527692980898900D00EB1 /* Model */ = {
			isa = PBXGroup;
			children = (
				E975276C298089E200D00EB1 /* Game.swift */,
				DD720AD22996D797003F9CCD /* User.swift */,
				E9D3EBB729C0127500915F5C /* Review.swift */,
			);
			name = Model;
			sourceTree = "<group>";
		};
		E975276A2980899800D00EB1 /* ViewModel */ = {
			isa = PBXGroup;
			children = (
				E9D3EBB929C023E700915F5C /* Helpers */,
				DD1C004F2996C39600479092 /* SignUpViewModel.swift */,
				DD720AD42996D7CD003F9CCD /* UserViewModel.swift */,
				E9038E3E29AAB80D00CB0381 /* GameViewModel.swift */,
				CF1945A529BFE0CF0022C610 /* GamesLookupViewModel.swift */,
			);
			name = ViewModel;
			sourceTree = "<group>";
		};
		E975276B2980899F00D00EB1 /* View */ = {
			isa = PBXGroup;
			children = (
				E94D72DA29B2EAFA0015F41A /* AuthViews */,
				E9752786298C75E000D00EB1 /* Components */,
				E9EDBF7829C13503003F97E5 /* AllReviewsView.swift */,
				E9752780298A145500D00EB1 /* DiscoverView.swift */,
				E9752789298D82C000D00EB1 /* GameProfileView.swift */,
				E975277E298A116C00D00EB1 /* HomeView.swift */,
				E975277C298A0D3B00D00EB1 /* MainTabView.swift */,
				E9EDBF7A29C2E0C7003F97E5 /* SearchView.swift */,
				DD7859A629BE49D900975FE3 /* SettingsView.swift */,
				E9752782298A159600D00EB1 /* ShelfView.swift */,
				E9752784298A15CB00D00EB1 /* UserProfileView.swift */,
				E94D72D429B01D860015F41A /* TestView.swift */,
			);
			name = View;
			sourceTree = "<group>";
		};
		E975277B298A062700D00EB1 /* App */ = {
			isa = PBXGroup;
			children = (
				E90E56B6297AF2F400D53A9C /* GoodGamesApp.swift */,
				E9579F7829B82E790056E221 /* LaunchScreen.swift */,
			);
			name = App;
			sourceTree = "<group>";
		};
		E9752786298C75E000D00EB1 /* Components */ = {
			isa = PBXGroup;
			children = (
				E9D3EBBC29C02C5100915F5C /* LaunchAndLoading */,
				E9579F7329B6D8520056E221 /* Cards */,
				E9752787298C768C00D00EB1 /* HorizontalCarousel.swift */,
				E9D3151B299C504A0047DD1F /* StarRating.swift */,
				E9D3EBBD29C02DC500915F5C /* AddReviewSheet.swift */,
				E9D3EBBF29C0327B00915F5C /* StarRatingInteractive.swift */,
				E9EDBF7629C123B3003F97E5 /* IndividualReview.swift */,
				E9EDBF7C29C2E228003F97E5 /* SearchBar.swift */,
				E9EDBF7E29C2E747003F97E5 /* SearchResult.swift */,
				E9EDBF8029C2F223003F97E5 /* FakeSearchBar.swift */,
			);
			name = Components;
			sourceTree = "<group>";
		};
		E9D3EBB929C023E700915F5C /* Helpers */ = {
			isa = PBXGroup;
			children = (
				E9D3EBBA29C023FA00915F5C /* ReviewHelper.swift */,
			);
			name = Helpers;
			sourceTree = "<group>";
		};
		E9D3EBBC29C02C5100915F5C /* LaunchAndLoading */ = {
			isa = PBXGroup;
			children = (
				E9579F7429B6D8CA0056E221 /* LoadingSpinner.swift */,
				E9579F7629B6DDE80056E221 /* LoadingController.swift */,
				E92E09B529BAEDFB00D02AD7 /* LaunchGraphic.swift */,
			);
			name = LaunchAndLoading;
			sourceTree = "<group>";
		};
		E9EC75F729ADC43E00D15547 /* Utility */ = {
			isa = PBXGroup;
			children = (
				E9EC75F829ADC47600D15547 /* IsPreviewKey.swift */,
				E9EC75FA29ADCDB000D15547 /* CGFloat+ToInt.swift */,
				DD89C19C29B26A810081DB97 /* Color+HexCode.swift */,
				E92E09B329BAE05A00D02AD7 /* NumberGenerator.swift */,
				CF35551C29BBA2E50099D5FD /* ColorPalette.swift */,
			);
			name = Utility;
			sourceTree = "<group>";
		};
/* End PBXGroup section */

/* Begin PBXNativeTarget section */
		E90E56B2297AF2F400D53A9C /* GoodGames */ = {
			isa = PBXNativeTarget;
			buildConfigurationList = E90E56C1297AF2F600D53A9C /* Build configuration list for PBXNativeTarget "GoodGames" */;
			buildPhases = (
				E90E56AF297AF2F400D53A9C /* Sources */,
				E90E56B0297AF2F400D53A9C /* Frameworks */,
				E90E56B1297AF2F400D53A9C /* Resources */,
			);
			buildRules = (
			);
			dependencies = (
			);
			name = GoodGames;
			packageProductDependencies = (
				DDAFCC892991D78A009B6E4D /* FirebaseAnalytics */,
				DDAFCC8B2991D78A009B6E4D /* FirebaseAppCheck */,
				DDAFCC8D2991D78A009B6E4D /* FirebaseAppDistribution-Beta */,
				DDAFCC8F2991D78A009B6E4D /* FirebaseAuth */,
				DDAFCC912991D78A009B6E4D /* FirebaseAuthCombine-Community */,
				DDAFCC932991D78A009B6E4D /* FirebaseCrashlytics */,
				DDAFCC952991D78A009B6E4D /* FirebaseDatabase */,
				DDAFCC972991D78A009B6E4D /* FirebaseDatabaseSwift */,
				DDAFCC992991D78A009B6E4D /* FirebaseDynamicLinks */,
				DDAFCC9B2991D78A009B6E4D /* FirebaseFirestore */,
				DDAFCC9D2991D78A009B6E4D /* FirebaseFirestoreCombine-Community */,
				DDAFCC9F2991D78A009B6E4D /* FirebaseFirestoreSwift */,
				DDAFCCA12991D78A009B6E4D /* FirebaseFunctions */,
				DDAFCCA32991D78A009B6E4D /* FirebaseFunctionsCombine-Community */,
				DDAFCCA52991D78A009B6E4D /* FirebaseStorage */,
				DDAFCCA72991D78A009B6E4D /* FirebaseStorageCombine-Community */,
			);
			productName = GoodGames;
			productReference = E90E56B3297AF2F400D53A9C /* GoodGames.app */;
			productType = "com.apple.product-type.application";
		};
/* End PBXNativeTarget section */

/* Begin PBXProject section */
		E90E56AB297AF2F400D53A9C /* Project object */ = {
			isa = PBXProject;
			attributes = {
				BuildIndependentTargetsInParallel = 1;
				LastSwiftUpdateCheck = 1420;
				LastUpgradeCheck = 1420;
				TargetAttributes = {
					E90E56B2297AF2F400D53A9C = {
						CreatedOnToolsVersion = 14.2;
					};
				};
			};
			buildConfigurationList = E90E56AE297AF2F400D53A9C /* Build configuration list for PBXProject "GoodGames" */;
			compatibilityVersion = "Xcode 14.0";
			developmentRegion = en;
			hasScannedForEncodings = 0;
			knownRegions = (
				en,
				Base,
			);
			mainGroup = E90E56AA297AF2F400D53A9C;
			packageReferences = (
				DDAFCC882991D78A009B6E4D /* XCRemoteSwiftPackageReference "firebase-ios-sdk" */,
			);
			productRefGroup = E90E56B4297AF2F400D53A9C /* Products */;
			projectDirPath = "";
			projectRoot = "";
			targets = (
				E90E56B2297AF2F400D53A9C /* GoodGames */,
			);
		};
/* End PBXProject section */

/* Begin PBXResourcesBuildPhase section */
		E90E56B1297AF2F400D53A9C /* Resources */ = {
			isa = PBXResourcesBuildPhase;
			buildActionMask = 2147483647;
			files = (
				E90E56BE297AF2F600D53A9C /* Preview Assets.xcassets in Resources */,
				E90E56BB297AF2F600D53A9C /* Assets.xcassets in Resources */,
				DD2B5F1A297F49B7009EBC22 /* GoogleService-Info.plist in Resources */,
			);
			runOnlyForDeploymentPostprocessing = 0;
		};
/* End PBXResourcesBuildPhase section */

/* Begin PBXSourcesBuildPhase section */
		E90E56AF297AF2F400D53A9C /* Sources */ = {
			isa = PBXSourcesBuildPhase;
			buildActionMask = 2147483647;
			files = (
				E94D72D529B01D860015F41A /* TestView.swift in Sources */,
				E9D3151C299C504A0047DD1F /* StarRating.swift in Sources */,
				DD1C00572996C3A500479092 /* AuthManager.swift in Sources */,
				E9579F7729B6DDE80056E221 /* LoadingController.swift in Sources */,
				E9D3EBBE29C02DC500915F5C /* AddReviewSheet.swift in Sources */,
				DD1C005D2996D06700479092 /* FirestoreManager.swift in Sources */,
				E9EDBF7729C123B3003F97E5 /* IndividualReview.swift in Sources */,
				DD1C005B2996C3D300479092 /* ImagePicker.swift in Sources */,
				E9EDBF8129C2F223003F97E5 /* FakeSearchBar.swift in Sources */,
				E9752781298A145500D00EB1 /* DiscoverView.swift in Sources */,
				E9D3EBBB29C023FA00915F5C /* ReviewHelper.swift in Sources */,
				E9752788298C768C00D00EB1 /* HorizontalCarousel.swift in Sources */,
				DD1C004A2996C38900479092 /* ReAuthenticateView.swift in Sources */,
				CF1945A629BFE0CF0022C610 /* GamesLookupViewModel.swift in Sources */,
				E975276D298089E200D00EB1 /* Game.swift in Sources */,
				E975277D298A0D3B00D00EB1 /* MainTabView.swift in Sources */,
				E9EDBF7929C13503003F97E5 /* AllReviewsView.swift in Sources */,
				DD1C004D2996C38900479092 /* LoginView.swift in Sources */,
				E92E09B429BAE05A00D02AD7 /* NumberGenerator.swift in Sources */,
				E9A9D804299F382700AC9459 /* UserCard.swift in Sources */,
				E9579F7529B6D8CA0056E221 /* LoadingSpinner.swift in Sources */,
				E975277F298A116C00D00EB1 /* HomeView.swift in Sources */,
				DD1C00562996C3A500479092 /* StorageManager.swift in Sources */,
				E9D3EBC029C0327B00915F5C /* StarRatingInteractive.swift in Sources */,
				E9D3EBB829C0127500915F5C /* Review.swift in Sources */,
				E9EC75FB29ADCDB000D15547 /* CGFloat+ToInt.swift in Sources */,
				E9038E3D29A6B56200CB0381 /* GameCard.swift in Sources */,
				E9579F7929B82E790056E221 /* LaunchScreen.swift in Sources */,
				E94D72D729B0253A0015F41A /* FunctionsManager.swift in Sources */,
				E9EDBF7D29C2E228003F97E5 /* SearchBar.swift in Sources */,
				DD1C00512996C39600479092 /* SignUpViewModel.swift in Sources */,
				DD720AD52996D7CD003F9CCD /* UserViewModel.swift in Sources */,
				E975278A298D82C000D00EB1 /* GameProfileView.swift in Sources */,
				E9A9D802299D78FD00AC9459 /* ExtendedGameCard.swift in Sources */,
				E94D72D929B2D2AE0015F41A /* PlaceholderCard.swift in Sources */,
				E9EDBF7F29C2E747003F97E5 /* SearchResult.swift in Sources */,
				E9EC75F929ADC47600D15547 /* IsPreviewKey.swift in Sources */,
				E9752785298A15CB00D00EB1 /* UserProfileView.swift in Sources */,
				E90E56B7297AF2F400D53A9C /* GoodGamesApp.swift in Sources */,
				E9EDBF7B29C2E0C7003F97E5 /* SearchView.swift in Sources */,
				DD7859A729BE49D900975FE3 /* SettingsView.swift in Sources */,
				E9038E3F29AAB80D00CB0381 /* GameViewModel.swift in Sources */,
				DD1C004B2996C38900479092 /* DeleteView.swift in Sources */,
				CF35551D29BBA2E50099D5FD /* ColorPalette.swift in Sources */,
				E92E09B629BAEDFB00D02AD7 /* LaunchGraphic.swift in Sources */,
				DD89C19D29B26A810081DB97 /* Color+HexCode.swift in Sources */,
				DD1C004C2996C38900479092 /* SignUpView.swift in Sources */,
				E9752783298A159600D00EB1 /* ShelfView.swift in Sources */,
				DD720AD32996D797003F9CCD /* User.swift in Sources */,
			);
			runOnlyForDeploymentPostprocessing = 0;
		};
/* End PBXSourcesBuildPhase section */

/* Begin XCBuildConfiguration section */
		DD932B9D2991815700B6587C /* Emulators */ = {
			isa = XCBuildConfiguration;
			buildSettings = {
				ALWAYS_SEARCH_USER_PATHS = NO;
				CLANG_ANALYZER_NONNULL = YES;
				CLANG_ANALYZER_NUMBER_OBJECT_CONVERSION = YES_AGGRESSIVE;
				CLANG_CXX_LANGUAGE_STANDARD = "gnu++20";
				CLANG_ENABLE_MODULES = YES;
				CLANG_ENABLE_OBJC_ARC = YES;
				CLANG_ENABLE_OBJC_WEAK = YES;
				CLANG_WARN_BLOCK_CAPTURE_AUTORELEASING = YES;
				CLANG_WARN_BOOL_CONVERSION = YES;
				CLANG_WARN_COMMA = YES;
				CLANG_WARN_CONSTANT_CONVERSION = YES;
				CLANG_WARN_DEPRECATED_OBJC_IMPLEMENTATIONS = YES;
				CLANG_WARN_DIRECT_OBJC_ISA_USAGE = YES_ERROR;
				CLANG_WARN_DOCUMENTATION_COMMENTS = YES;
				CLANG_WARN_EMPTY_BODY = YES;
				CLANG_WARN_ENUM_CONVERSION = YES;
				CLANG_WARN_INFINITE_RECURSION = YES;
				CLANG_WARN_INT_CONVERSION = YES;
				CLANG_WARN_NON_LITERAL_NULL_CONVERSION = YES;
				CLANG_WARN_OBJC_IMPLICIT_RETAIN_SELF = YES;
				CLANG_WARN_OBJC_LITERAL_CONVERSION = YES;
				CLANG_WARN_OBJC_ROOT_CLASS = YES_ERROR;
				CLANG_WARN_QUOTED_INCLUDE_IN_FRAMEWORK_HEADER = YES;
				CLANG_WARN_RANGE_LOOP_ANALYSIS = YES;
				CLANG_WARN_STRICT_PROTOTYPES = YES;
				CLANG_WARN_SUSPICIOUS_MOVE = YES;
				CLANG_WARN_UNGUARDED_AVAILABILITY = YES_AGGRESSIVE;
				CLANG_WARN_UNREACHABLE_CODE = YES;
				CLANG_WARN__DUPLICATE_METHOD_MATCH = YES;
				COPY_PHASE_STRIP = NO;
				DEBUG_INFORMATION_FORMAT = dwarf;
				ENABLE_STRICT_OBJC_MSGSEND = YES;
				ENABLE_TESTABILITY = YES;
				GCC_C_LANGUAGE_STANDARD = gnu11;
				GCC_DYNAMIC_NO_PIC = NO;
				GCC_NO_COMMON_BLOCKS = YES;
				GCC_OPTIMIZATION_LEVEL = 0;
				GCC_PREPROCESSOR_DEFINITIONS = (
					"DEBUG=1",
					"$(inherited)",
				);
				GCC_WARN_64_TO_32_BIT_CONVERSION = YES;
				GCC_WARN_ABOUT_RETURN_TYPE = YES_ERROR;
				GCC_WARN_UNDECLARED_SELECTOR = YES;
				GCC_WARN_UNINITIALIZED_AUTOS = YES_AGGRESSIVE;
				GCC_WARN_UNUSED_FUNCTION = YES;
				GCC_WARN_UNUSED_VARIABLE = YES;
				IPHONEOS_DEPLOYMENT_TARGET = 16.2;
				MTL_ENABLE_DEBUG_INFO = INCLUDE_SOURCE;
				MTL_FAST_MATH = YES;
				ONLY_ACTIVE_ARCH = YES;
				OTHER_SWIFT_FLAGS = "-D EMULATORS";
				SDKROOT = iphoneos;
				SWIFT_ACTIVE_COMPILATION_CONDITIONS = DEBUG;
				SWIFT_OPTIMIZATION_LEVEL = "-Onone";
			};
			name = Emulators;
		};
		DD932B9E2991815700B6587C /* Emulators */ = {
			isa = XCBuildConfiguration;
			buildSettings = {
				ASSETCATALOG_COMPILER_APPICON_NAME = AppIcon;
				ASSETCATALOG_COMPILER_GLOBAL_ACCENT_COLOR_NAME = AccentColor;
				CODE_SIGN_STYLE = Automatic;
				CURRENT_PROJECT_VERSION = 3;
				DEVELOPMENT_ASSET_PATHS = "\"GoodGames/Preview Content\"";
				DEVELOPMENT_TEAM = Z7B4W2LC6Y;
				ENABLE_PREVIEWS = YES;
				GENERATE_INFOPLIST_FILE = YES;
				INFOPLIST_KEY_UIApplicationSceneManifest_Generation = YES;
				INFOPLIST_KEY_UIApplicationSupportsIndirectInputEvents = YES;
				INFOPLIST_KEY_UILaunchScreen_Generation = YES;
				INFOPLIST_KEY_UISupportedInterfaceOrientations_iPad = "UIInterfaceOrientationPortrait UIInterfaceOrientationPortraitUpsideDown UIInterfaceOrientationLandscapeLeft UIInterfaceOrientationLandscapeRight";
				INFOPLIST_KEY_UISupportedInterfaceOrientations_iPhone = "UIInterfaceOrientationPortrait UIInterfaceOrientationLandscapeLeft UIInterfaceOrientationLandscapeRight";
				LD_RUNPATH_SEARCH_PATHS = (
					"$(inherited)",
					"@executable_path/Frameworks",
				);
				MARKETING_VERSION = 0.1.0;
				OTHER_LDFLAGS = "-ObjC";
				PRODUCT_BUNDLE_IDENTIFIER = "com.goodgames-app.GoodGames";
				PRODUCT_NAME = "$(TARGET_NAME)";
				SWIFT_EMIT_LOC_STRINGS = YES;
				SWIFT_VERSION = 5.0;
				TARGETED_DEVICE_FAMILY = "1,2";
			};
			name = Emulators;
		};
		E90E56BF297AF2F600D53A9C /* Debug */ = {
			isa = XCBuildConfiguration;
			buildSettings = {
				ALWAYS_SEARCH_USER_PATHS = NO;
				CLANG_ANALYZER_NONNULL = YES;
				CLANG_ANALYZER_NUMBER_OBJECT_CONVERSION = YES_AGGRESSIVE;
				CLANG_CXX_LANGUAGE_STANDARD = "gnu++20";
				CLANG_ENABLE_MODULES = YES;
				CLANG_ENABLE_OBJC_ARC = YES;
				CLANG_ENABLE_OBJC_WEAK = YES;
				CLANG_WARN_BLOCK_CAPTURE_AUTORELEASING = YES;
				CLANG_WARN_BOOL_CONVERSION = YES;
				CLANG_WARN_COMMA = YES;
				CLANG_WARN_CONSTANT_CONVERSION = YES;
				CLANG_WARN_DEPRECATED_OBJC_IMPLEMENTATIONS = YES;
				CLANG_WARN_DIRECT_OBJC_ISA_USAGE = YES_ERROR;
				CLANG_WARN_DOCUMENTATION_COMMENTS = YES;
				CLANG_WARN_EMPTY_BODY = YES;
				CLANG_WARN_ENUM_CONVERSION = YES;
				CLANG_WARN_INFINITE_RECURSION = YES;
				CLANG_WARN_INT_CONVERSION = YES;
				CLANG_WARN_NON_LITERAL_NULL_CONVERSION = YES;
				CLANG_WARN_OBJC_IMPLICIT_RETAIN_SELF = YES;
				CLANG_WARN_OBJC_LITERAL_CONVERSION = YES;
				CLANG_WARN_OBJC_ROOT_CLASS = YES_ERROR;
				CLANG_WARN_QUOTED_INCLUDE_IN_FRAMEWORK_HEADER = YES;
				CLANG_WARN_RANGE_LOOP_ANALYSIS = YES;
				CLANG_WARN_STRICT_PROTOTYPES = YES;
				CLANG_WARN_SUSPICIOUS_MOVE = YES;
				CLANG_WARN_UNGUARDED_AVAILABILITY = YES_AGGRESSIVE;
				CLANG_WARN_UNREACHABLE_CODE = YES;
				CLANG_WARN__DUPLICATE_METHOD_MATCH = YES;
				COPY_PHASE_STRIP = NO;
				DEBUG_INFORMATION_FORMAT = dwarf;
				ENABLE_STRICT_OBJC_MSGSEND = YES;
				ENABLE_TESTABILITY = YES;
				GCC_C_LANGUAGE_STANDARD = gnu11;
				GCC_DYNAMIC_NO_PIC = NO;
				GCC_NO_COMMON_BLOCKS = YES;
				GCC_OPTIMIZATION_LEVEL = 0;
				GCC_PREPROCESSOR_DEFINITIONS = (
					"DEBUG=1",
					"$(inherited)",
				);
				GCC_WARN_64_TO_32_BIT_CONVERSION = YES;
				GCC_WARN_ABOUT_RETURN_TYPE = YES_ERROR;
				GCC_WARN_UNDECLARED_SELECTOR = YES;
				GCC_WARN_UNINITIALIZED_AUTOS = YES_AGGRESSIVE;
				GCC_WARN_UNUSED_FUNCTION = YES;
				GCC_WARN_UNUSED_VARIABLE = YES;
				IPHONEOS_DEPLOYMENT_TARGET = 16.2;
				MTL_ENABLE_DEBUG_INFO = INCLUDE_SOURCE;
				MTL_FAST_MATH = YES;
				ONLY_ACTIVE_ARCH = YES;
				SDKROOT = iphoneos;
				SWIFT_ACTIVE_COMPILATION_CONDITIONS = DEBUG;
				SWIFT_OPTIMIZATION_LEVEL = "-Onone";
			};
			name = Debug;
		};
		E90E56C0297AF2F600D53A9C /* Release */ = {
			isa = XCBuildConfiguration;
			buildSettings = {
				ALWAYS_SEARCH_USER_PATHS = NO;
				CLANG_ANALYZER_NONNULL = YES;
				CLANG_ANALYZER_NUMBER_OBJECT_CONVERSION = YES_AGGRESSIVE;
				CLANG_CXX_LANGUAGE_STANDARD = "gnu++20";
				CLANG_ENABLE_MODULES = YES;
				CLANG_ENABLE_OBJC_ARC = YES;
				CLANG_ENABLE_OBJC_WEAK = YES;
				CLANG_WARN_BLOCK_CAPTURE_AUTORELEASING = YES;
				CLANG_WARN_BOOL_CONVERSION = YES;
				CLANG_WARN_COMMA = YES;
				CLANG_WARN_CONSTANT_CONVERSION = YES;
				CLANG_WARN_DEPRECATED_OBJC_IMPLEMENTATIONS = YES;
				CLANG_WARN_DIRECT_OBJC_ISA_USAGE = YES_ERROR;
				CLANG_WARN_DOCUMENTATION_COMMENTS = YES;
				CLANG_WARN_EMPTY_BODY = YES;
				CLANG_WARN_ENUM_CONVERSION = YES;
				CLANG_WARN_INFINITE_RECURSION = YES;
				CLANG_WARN_INT_CONVERSION = YES;
				CLANG_WARN_NON_LITERAL_NULL_CONVERSION = YES;
				CLANG_WARN_OBJC_IMPLICIT_RETAIN_SELF = YES;
				CLANG_WARN_OBJC_LITERAL_CONVERSION = YES;
				CLANG_WARN_OBJC_ROOT_CLASS = YES_ERROR;
				CLANG_WARN_QUOTED_INCLUDE_IN_FRAMEWORK_HEADER = YES;
				CLANG_WARN_RANGE_LOOP_ANALYSIS = YES;
				CLANG_WARN_STRICT_PROTOTYPES = YES;
				CLANG_WARN_SUSPICIOUS_MOVE = YES;
				CLANG_WARN_UNGUARDED_AVAILABILITY = YES_AGGRESSIVE;
				CLANG_WARN_UNREACHABLE_CODE = YES;
				CLANG_WARN__DUPLICATE_METHOD_MATCH = YES;
				COPY_PHASE_STRIP = NO;
				DEBUG_INFORMATION_FORMAT = "dwarf-with-dsym";
				ENABLE_NS_ASSERTIONS = NO;
				ENABLE_STRICT_OBJC_MSGSEND = YES;
				GCC_C_LANGUAGE_STANDARD = gnu11;
				GCC_NO_COMMON_BLOCKS = YES;
				GCC_WARN_64_TO_32_BIT_CONVERSION = YES;
				GCC_WARN_ABOUT_RETURN_TYPE = YES_ERROR;
				GCC_WARN_UNDECLARED_SELECTOR = YES;
				GCC_WARN_UNINITIALIZED_AUTOS = YES_AGGRESSIVE;
				GCC_WARN_UNUSED_FUNCTION = YES;
				GCC_WARN_UNUSED_VARIABLE = YES;
				IPHONEOS_DEPLOYMENT_TARGET = 16.2;
				MTL_ENABLE_DEBUG_INFO = NO;
				MTL_FAST_MATH = YES;
				SDKROOT = iphoneos;
				SWIFT_COMPILATION_MODE = wholemodule;
				SWIFT_OPTIMIZATION_LEVEL = "-O";
				VALIDATE_PRODUCT = YES;
			};
			name = Release;
		};
		E90E56C2297AF2F600D53A9C /* Debug */ = {
			isa = XCBuildConfiguration;
			buildSettings = {
				ASSETCATALOG_COMPILER_APPICON_NAME = AppIcon;
				ASSETCATALOG_COMPILER_GLOBAL_ACCENT_COLOR_NAME = AccentColor;
				CODE_SIGN_IDENTITY = "Apple Development";
				CODE_SIGN_STYLE = Automatic;
				CURRENT_PROJECT_VERSION = 3;
				DEVELOPMENT_ASSET_PATHS = "\"GoodGames/Preview Content\"";
				DEVELOPMENT_TEAM = Z7B4W2LC6Y;
				ENABLE_PREVIEWS = YES;
				GENERATE_INFOPLIST_FILE = YES;
				INFOPLIST_KEY_UIApplicationSceneManifest_Generation = YES;
				INFOPLIST_KEY_UIApplicationSupportsIndirectInputEvents = YES;
				INFOPLIST_KEY_UILaunchScreen_Generation = YES;
				INFOPLIST_KEY_UISupportedInterfaceOrientations_iPad = "UIInterfaceOrientationPortrait UIInterfaceOrientationPortraitUpsideDown UIInterfaceOrientationLandscapeLeft UIInterfaceOrientationLandscapeRight";
				INFOPLIST_KEY_UISupportedInterfaceOrientations_iPhone = "UIInterfaceOrientationPortrait UIInterfaceOrientationLandscapeLeft UIInterfaceOrientationLandscapeRight";
				LD_RUNPATH_SEARCH_PATHS = (
					"$(inherited)",
					"@executable_path/Frameworks",
				);
				MARKETING_VERSION = 0.1.0;
				OTHER_LDFLAGS = "-ObjC";
				PRODUCT_BUNDLE_IDENTIFIER = "com.goodgames-app.GoodGames";
				PRODUCT_NAME = "$(TARGET_NAME)";
				PROVISIONING_PROFILE_SPECIFIER = "";
				SWIFT_EMIT_LOC_STRINGS = YES;
				SWIFT_VERSION = 5.0;
				TARGETED_DEVICE_FAMILY = "1,2";
			};
			name = Debug;
		};
		E90E56C3297AF2F600D53A9C /* Release */ = {
			isa = XCBuildConfiguration;
			buildSettings = {
				ASSETCATALOG_COMPILER_APPICON_NAME = AppIcon;
				ASSETCATALOG_COMPILER_GLOBAL_ACCENT_COLOR_NAME = AccentColor;
				CODE_SIGN_STYLE = Automatic;
				CURRENT_PROJECT_VERSION = 3;
				DEVELOPMENT_ASSET_PATHS = "\"GoodGames/Preview Content\"";
				DEVELOPMENT_TEAM = Z7B4W2LC6Y;
				ENABLE_PREVIEWS = YES;
				GENERATE_INFOPLIST_FILE = YES;
				INFOPLIST_KEY_UIApplicationSceneManifest_Generation = YES;
				INFOPLIST_KEY_UIApplicationSupportsIndirectInputEvents = YES;
				INFOPLIST_KEY_UILaunchScreen_Generation = YES;
				INFOPLIST_KEY_UISupportedInterfaceOrientations_iPad = "UIInterfaceOrientationPortrait UIInterfaceOrientationPortraitUpsideDown UIInterfaceOrientationLandscapeLeft UIInterfaceOrientationLandscapeRight";
				INFOPLIST_KEY_UISupportedInterfaceOrientations_iPhone = "UIInterfaceOrientationPortrait UIInterfaceOrientationLandscapeLeft UIInterfaceOrientationLandscapeRight";
				LD_RUNPATH_SEARCH_PATHS = (
					"$(inherited)",
					"@executable_path/Frameworks",
				);
				MARKETING_VERSION = 0.1.0;
				OTHER_LDFLAGS = "-ObjC";
				PRODUCT_BUNDLE_IDENTIFIER = "com.goodgames-app.GoodGames";
				PRODUCT_NAME = "$(TARGET_NAME)";
				SWIFT_EMIT_LOC_STRINGS = YES;
				SWIFT_VERSION = 5.0;
				TARGETED_DEVICE_FAMILY = "1,2";
			};
			name = Release;
		};
/* End XCBuildConfiguration section */

/* Begin XCConfigurationList section */
		E90E56AE297AF2F400D53A9C /* Build configuration list for PBXProject "GoodGames" */ = {
			isa = XCConfigurationList;
			buildConfigurations = (
				E90E56BF297AF2F600D53A9C /* Debug */,
				DD932B9D2991815700B6587C /* Emulators */,
				E90E56C0297AF2F600D53A9C /* Release */,
			);
			defaultConfigurationIsVisible = 0;
			defaultConfigurationName = Release;
		};
		E90E56C1297AF2F600D53A9C /* Build configuration list for PBXNativeTarget "GoodGames" */ = {
			isa = XCConfigurationList;
			buildConfigurations = (
				E90E56C2297AF2F600D53A9C /* Debug */,
				DD932B9E2991815700B6587C /* Emulators */,
				E90E56C3297AF2F600D53A9C /* Release */,
			);
			defaultConfigurationIsVisible = 0;
			defaultConfigurationName = Release;
		};
/* End XCConfigurationList section */

/* Begin XCRemoteSwiftPackageReference section */
		DDAFCC882991D78A009B6E4D /* XCRemoteSwiftPackageReference "firebase-ios-sdk" */ = {
			isa = XCRemoteSwiftPackageReference;
			repositoryURL = "https://github.com/firebase/firebase-ios-sdk.git";
			requirement = {
				kind = upToNextMajorVersion;
				minimumVersion = 9.0.0;
			};
		};
/* End XCRemoteSwiftPackageReference section */

/* Begin XCSwiftPackageProductDependency section */
		DDAFCC892991D78A009B6E4D /* FirebaseAnalytics */ = {
			isa = XCSwiftPackageProductDependency;
			package = DDAFCC882991D78A009B6E4D /* XCRemoteSwiftPackageReference "firebase-ios-sdk" */;
			productName = FirebaseAnalytics;
		};
		DDAFCC8B2991D78A009B6E4D /* FirebaseAppCheck */ = {
			isa = XCSwiftPackageProductDependency;
			package = DDAFCC882991D78A009B6E4D /* XCRemoteSwiftPackageReference "firebase-ios-sdk" */;
			productName = FirebaseAppCheck;
		};
		DDAFCC8D2991D78A009B6E4D /* FirebaseAppDistribution-Beta */ = {
			isa = XCSwiftPackageProductDependency;
			package = DDAFCC882991D78A009B6E4D /* XCRemoteSwiftPackageReference "firebase-ios-sdk" */;
			productName = "FirebaseAppDistribution-Beta";
		};
		DDAFCC8F2991D78A009B6E4D /* FirebaseAuth */ = {
			isa = XCSwiftPackageProductDependency;
			package = DDAFCC882991D78A009B6E4D /* XCRemoteSwiftPackageReference "firebase-ios-sdk" */;
			productName = FirebaseAuth;
		};
		DDAFCC912991D78A009B6E4D /* FirebaseAuthCombine-Community */ = {
			isa = XCSwiftPackageProductDependency;
			package = DDAFCC882991D78A009B6E4D /* XCRemoteSwiftPackageReference "firebase-ios-sdk" */;
			productName = "FirebaseAuthCombine-Community";
		};
		DDAFCC932991D78A009B6E4D /* FirebaseCrashlytics */ = {
			isa = XCSwiftPackageProductDependency;
			package = DDAFCC882991D78A009B6E4D /* XCRemoteSwiftPackageReference "firebase-ios-sdk" */;
			productName = FirebaseCrashlytics;
		};
		DDAFCC952991D78A009B6E4D /* FirebaseDatabase */ = {
			isa = XCSwiftPackageProductDependency;
			package = DDAFCC882991D78A009B6E4D /* XCRemoteSwiftPackageReference "firebase-ios-sdk" */;
			productName = FirebaseDatabase;
		};
		DDAFCC972991D78A009B6E4D /* FirebaseDatabaseSwift */ = {
			isa = XCSwiftPackageProductDependency;
			package = DDAFCC882991D78A009B6E4D /* XCRemoteSwiftPackageReference "firebase-ios-sdk" */;
			productName = FirebaseDatabaseSwift;
		};
		DDAFCC992991D78A009B6E4D /* FirebaseDynamicLinks */ = {
			isa = XCSwiftPackageProductDependency;
			package = DDAFCC882991D78A009B6E4D /* XCRemoteSwiftPackageReference "firebase-ios-sdk" */;
			productName = FirebaseDynamicLinks;
		};
		DDAFCC9B2991D78A009B6E4D /* FirebaseFirestore */ = {
			isa = XCSwiftPackageProductDependency;
			package = DDAFCC882991D78A009B6E4D /* XCRemoteSwiftPackageReference "firebase-ios-sdk" */;
			productName = FirebaseFirestore;
		};
		DDAFCC9D2991D78A009B6E4D /* FirebaseFirestoreCombine-Community */ = {
			isa = XCSwiftPackageProductDependency;
			package = DDAFCC882991D78A009B6E4D /* XCRemoteSwiftPackageReference "firebase-ios-sdk" */;
			productName = "FirebaseFirestoreCombine-Community";
		};
		DDAFCC9F2991D78A009B6E4D /* FirebaseFirestoreSwift */ = {
			isa = XCSwiftPackageProductDependency;
			package = DDAFCC882991D78A009B6E4D /* XCRemoteSwiftPackageReference "firebase-ios-sdk" */;
			productName = FirebaseFirestoreSwift;
		};
		DDAFCCA12991D78A009B6E4D /* FirebaseFunctions */ = {
			isa = XCSwiftPackageProductDependency;
			package = DDAFCC882991D78A009B6E4D /* XCRemoteSwiftPackageReference "firebase-ios-sdk" */;
			productName = FirebaseFunctions;
		};
		DDAFCCA32991D78A009B6E4D /* FirebaseFunctionsCombine-Community */ = {
			isa = XCSwiftPackageProductDependency;
			package = DDAFCC882991D78A009B6E4D /* XCRemoteSwiftPackageReference "firebase-ios-sdk" */;
			productName = "FirebaseFunctionsCombine-Community";
		};
		DDAFCCA52991D78A009B6E4D /* FirebaseStorage */ = {
			isa = XCSwiftPackageProductDependency;
			package = DDAFCC882991D78A009B6E4D /* XCRemoteSwiftPackageReference "firebase-ios-sdk" */;
			productName = FirebaseStorage;
		};
		DDAFCCA72991D78A009B6E4D /* FirebaseStorageCombine-Community */ = {
			isa = XCSwiftPackageProductDependency;
			package = DDAFCC882991D78A009B6E4D /* XCRemoteSwiftPackageReference "firebase-ios-sdk" */;
			productName = "FirebaseStorageCombine-Community";
		};
/* End XCSwiftPackageProductDependency section */
	};
	rootObject = E90E56AB297AF2F400D53A9C /* Project object */;
}
